// !$*UTF8*$!
{
	archiveVersion = 1;
	classes = {
	};
	objectVersion = 56;
	objects = {

/* Begin PBXBuildFile section */
		2260CF84296AE9CD008A4E49 /* AppDelegate.swift in Sources */ = {isa = PBXBuildFile; fileRef = 2260CF83296AE9CD008A4E49 /* AppDelegate.swift */; };
		2260CF86296AE9CD008A4E49 /* SceneDelegate.swift in Sources */ = {isa = PBXBuildFile; fileRef = 2260CF85296AE9CD008A4E49 /* SceneDelegate.swift */; };
		2260CF88296AE9CD008A4E49 /* ViewController.swift in Sources */ = {isa = PBXBuildFile; fileRef = 2260CF87296AE9CD008A4E49 /* ViewController.swift */; };
		2260CF8B296AE9CD008A4E49 /* Main.storyboard in Resources */ = {isa = PBXBuildFile; fileRef = 2260CF89296AE9CD008A4E49 /* Main.storyboard */; };
		2260CF8D296AE9CE008A4E49 /* Assets.xcassets in Resources */ = {isa = PBXBuildFile; fileRef = 2260CF8C296AE9CE008A4E49 /* Assets.xcassets */; };
		2260CF90296AE9CE008A4E49 /* LaunchScreen.storyboard in Resources */ = {isa = PBXBuildFile; fileRef = 2260CF8E296AE9CE008A4E49 /* LaunchScreen.storyboard */; };
		2260CF98296AED17008A4E49 /* NewsCell.swift in Sources */ = {isa = PBXBuildFile; fileRef = 2260CF97296AED17008A4E49 /* NewsCell.swift */; };
		2260CF9E296AFC31008A4E49 /* News.swift in Sources */ = {isa = PBXBuildFile; fileRef = 2260CF9D296AFC31008A4E49 /* News.swift */; };
		2260CFA0296B141B008A4E49 /* WebService.swift in Sources */ = {isa = PBXBuildFile; fileRef = 2260CF9F296B141B008A4E49 /* WebService.swift */; };
		22D34CD6296B239700A094E2 /* NewsViewModel.swift in Sources */ = {isa = PBXBuildFile; fileRef = 22D34CD5296B239700A094E2 /* NewsViewModel.swift */; };
/* End PBXBuildFile section */

/* Begin PBXFileReference section */
		2260CF80296AE9CD008A4E49 /* HaberUygulamasi.app */ = {isa = PBXFileReference; explicitFileType = wrapper.application; includeInIndex = 0; path = HaberUygulamasi.app; sourceTree = BUILT_PRODUCTS_DIR; };
		2260CF83296AE9CD008A4E49 /* AppDelegate.swift */ = {isa = PBXFileReference; lastKnownFileType = sourcecode.swift; path = AppDelegate.swift; sourceTree = "<group>"; };
		2260CF85296AE9CD008A4E49 /* SceneDelegate.swift */ = {isa = PBXFileReference; lastKnownFileType = sourcecode.swift; path = SceneDelegate.swift; sourceTree = "<group>"; };
		2260CF87296AE9CD008A4E49 /* ViewController.swift */ = {isa = PBXFileReference; lastKnownFileType = sourcecode.swift; path = ViewController.swift; sourceTree = "<group>"; };
		2260CF8A296AE9CD008A4E49 /* Base */ = {isa = PBXFileReference; lastKnownFileType = file.storyboard; name = Base; path = Base.lproj/Main.storyboard; sourceTree = "<group>"; };
		2260CF8C296AE9CE008A4E49 /* Assets.xcassets */ = {isa = PBXFileReference; lastKnownFileType = folder.assetcatalog; path = Assets.xcassets; sourceTree = "<group>"; };
		2260CF8F296AE9CE008A4E49 /* Base */ = {isa = PBXFileReference; lastKnownFileType = file.storyboard; name = Base; path = Base.lproj/LaunchScreen.storyboard; sourceTree = "<group>"; };
		2260CF91296AE9CE008A4E49 /* Info.plist */ = {isa = PBXFileReference; lastKnownFileType = text.plist.xml; path = Info.plist; sourceTree = "<group>"; };
		2260CF97296AED17008A4E49 /* NewsCell.swift */ = {isa = PBXFileReference; lastKnownFileType = sourcecode.swift; path = NewsCell.swift; sourceTree = "<group>"; };
		2260CF9D296AFC31008A4E49 /* News.swift */ = {isa = PBXFileReference; lastKnownFileType = sourcecode.swift; path = News.swift; sourceTree = "<group>"; };
		2260CF9F296B141B008A4E49 /* WebService.swift */ = {isa = PBXFileReference; lastKnownFileType = sourcecode.swift; path = WebService.swift; sourceTree = "<group>"; };
		22D34CD5296B239700A094E2 /* NewsViewModel.swift */ = {isa = PBXFileReference; lastKnownFileType = sourcecode.swift; path = NewsViewModel.swift; sourceTree = "<group>"; };
/* End PBXFileReference section */

/* Begin PBXFrameworksBuildPhase section */
		2260CF7D296AE9CD008A4E49 /* Frameworks */ = {
			isa = PBXFrameworksBuildPhase;
			buildActionMask = 2147483647;
			files = (
			);
			runOnlyForDeploymentPostprocessing = 0;
		};
/* End PBXFrameworksBuildPhase section */

/* Begin PBXGroup section */
		2260CF77296AE9CD008A4E49 = {
			isa = PBXGroup;
			children = (
				2260CF82296AE9CD008A4E49 /* HaberUygulamasi */,
				2260CF81296AE9CD008A4E49 /* Products */,
			);
			sourceTree = "<group>";
		};
		2260CF81296AE9CD008A4E49 /* Products */ = {
			isa = PBXGroup;
			children = (
				2260CF80296AE9CD008A4E49 /* HaberUygulamasi.app */,
			);
			name = Products;
			sourceTree = "<group>";
		};
		2260CF82296AE9CD008A4E49 /* HaberUygulamasi */ = {
			isa = PBXGroup;
			children = (
				2260CF9C296AFBE2008A4E49 /* ViewModel */,
				2260CF9B296AFBCD008A4E49 /* Service */,
				2260CF9A296AFB95008A4E49 /* Model */,
				2260CF99296AFB82008A4E49 /* View */,
				2260CF89296AE9CD008A4E49 /* Main.storyboard */,
				2260CF8C296AE9CE008A4E49 /* Assets.xcassets */,
				2260CF8E296AE9CE008A4E49 /* LaunchScreen.storyboard */,
				2260CF91296AE9CE008A4E49 /* Info.plist */,
			);
			path = HaberUygulamasi;
			sourceTree = "<group>";
		};
		2260CF99296AFB82008A4E49 /* View */ = {
			isa = PBXGroup;
			children = (
				2260CF83296AE9CD008A4E49 /* AppDelegate.swift */,
				2260CF85296AE9CD008A4E49 /* SceneDelegate.swift */,
				2260CF87296AE9CD008A4E49 /* ViewController.swift */,
				2260CF97296AED17008A4E49 /* NewsCell.swift */,
			);
			path = View;
			sourceTree = "<group>";
		};
		2260CF9A296AFB95008A4E49 /* Model */ = {
			isa = PBXGroup;
			children = (
				2260CF9D296AFC31008A4E49 /* News.swift */,
			);
			path = Model;
			sourceTree = "<group>";
		};
		2260CF9B296AFBCD008A4E49 /* Service */ = {
			isa = PBXGroup;
			children = (
				2260CF9F296B141B008A4E49 /* WebService.swift */,
			);
			path = Service;
			sourceTree = "<group>";
		};
		2260CF9C296AFBE2008A4E49 /* ViewModel */ = {
			isa = PBXGroup;
			children = (
				22D34CD5296B239700A094E2 /* NewsViewModel.swift */,
			);
			path = ViewModel;
			sourceTree = "<group>";
		};
/* End PBXGroup section */

/* Begin PBXNativeTarget section */
		2260CF7F296AE9CD008A4E49 /* HaberUygulamasi */ = {
			isa = PBXNativeTarget;
			buildConfigurationList = 2260CF94296AE9CE008A4E49 /* Build configuration list for PBXNativeTarget "HaberUygulamasi" */;
			buildPhases = (
				2260CF7C296AE9CD008A4E49 /* Sources */,
				2260CF7D296AE9CD008A4E49 /* Frameworks */,
				2260CF7E296AE9CD008A4E49 /* Resources */,
			);
			buildRules = (
			);
			dependencies = (
			);
			name = HaberUygulamasi;
			productName = HaberUygulamasi;
			productReference = 2260CF80296AE9CD008A4E49 /* HaberUygulamasi.app */;
			productType = "com.apple.product-type.application";
		};
/* End PBXNativeTarget section */

/* Begin PBXProject section */
		2260CF78296AE9CD008A4E49 /* Project object */ = {
			isa = PBXProject;
			attributes = {
				BuildIndependentTargetsInParallel = 1;
				LastSwiftUpdateCheck = 1420;
				LastUpgradeCheck = 1420;
				TargetAttributes = {
					2260CF7F296AE9CD008A4E49 = {
						CreatedOnToolsVersion = 14.2;
					};
				};
			};
			buildConfigurationList = 2260CF7B296AE9CD008A4E49 /* Build configuration list for PBXProject "HaberUygulamasi" */;
			compatibilityVersion = "Xcode 14.0";
			developmentRegion = en;
			hasScannedForEncodings = 0;
			knownRegions = (
				en,
				Base,
			);
			mainGroup = 2260CF77296AE9CD008A4E49;
			productRefGroup = 2260CF81296AE9CD008A4E49 /* Products */;
			projectDirPath = "";
			projectRoot = "";
			targets = (
				2260CF7F296AE9CD008A4E49 /* HaberUygulamasi */,
			);
		};
/* End PBXProject section */

/* Begin PBXResourcesBuildPhase section */
		2260CF7E296AE9CD008A4E49 /* Resources */ = {
			isa = PBXResourcesBuildPhase;
			buildActionMask = 2147483647;
			files = (
				2260CF90296AE9CE008A4E49 /* LaunchScreen.storyboard in Resources */,
				2260CF8D296AE9CE008A4E49 /* Assets.xcassets in Resources */,
				2260CF8B296AE9CD008A4E49 /* Main.storyboard in Resources */,
			);
			runOnlyForDeploymentPostprocessing = 0;
		};
/* End PBXResourcesBuildPhase section */

/* Begin PBXSourcesBuildPhase section */
		2260CF7C296AE9CD008A4E49 /* Sources */ = {
			isa = PBXSourcesBuildPhase;
			buildActionMask = 2147483647;
			files = (
				2260CFA0296B141B008A4E49 /* WebService.swift in Sources */,
				2260CF88296AE9CD008A4E49 /* ViewController.swift in Sources */,
				2260CF84296AE9CD008A4E49 /* AppDelegate.swift in Sources */,
				2260CF98296AED17008A4E49 /* NewsCell.swift in Sources */,
				22D34CD6296B239700A094E2 /* NewsViewModel.swift in Sources */,
				2260CF9E296AFC31008A4E49 /* News.swift in Sources */,
				2260CF86296AE9CD008A4E49 /* SceneDelegate.swift in Sources */,
			);
			runOnlyForDeploymentPostprocessing = 0;
		};
/* End PBXSourcesBuildPhase section */

/* Begin PBXVariantGroup section */
		2260CF89296AE9CD008A4E49 /* Main.storyboard */ = {
			isa = PBXVariantGroup;
			children = (
				2260CF8A296AE9CD008A4E49 /* Base */,
			);
			name = Main.storyboard;
			sourceTree = "<group>";
		};
		2260CF8E296AE9CE008A4E49 /* LaunchScreen.storyboard */ = {
			isa = PBXVariantGroup;
			children = (
				2260CF8F296AE9CE008A4E49 /* Base */,
			);
			name = LaunchScreen.storyboard;
			sourceTree = "<group>";
		};
/* End PBXVariantGroup section */

/* Begin XCBuildConfiguration section */
		2260CF92296AE9CE008A4E49 /* Debug */ = {
			isa = XCBuildConfiguration;
			buildSettings = {
				ALWAYS_SEARCH_USER_PATHS = NO;
				CLANG_ANALYZER_NONNULL = YES;
				CLANG_ANALYZER_NUMBER_OBJECT_CONVERSION = YES_AGGRESSIVE;
				CLANG_CXX_LANGUAGE_STANDARD = "gnu++20";
				CLANG_ENABLE_MODULES = YES;
				CLANG_ENABLE_OBJC_ARC = YES;
				CLANG_ENABLE_OBJC_WEAK = YES;
				CLANG_WARN_BLOCK_CAPTURE_AUTORELEASING = YES;
				CLANG_WARN_BOOL_CONVERSION = YES;
				CLANG_WARN_COMMA = YES;
				CLANG_WARN_CONSTANT_CONVERSION = YES;
				CLANG_WARN_DEPRECATED_OBJC_IMPLEMENTATIONS = YES;
				CLANG_WARN_DIRECT_OBJC_ISA_USAGE = YES_ERROR;
				CLANG_WARN_DOCUMENTATION_COMMENTS = YES;
				CLANG_WARN_EMPTY_BODY = YES;
				CLANG_WARN_ENUM_CONVERSION = YES;
				CLANG_WARN_INFINITE_RECURSION = YES;
				CLANG_WARN_INT_CONVERSION = YES;
				CLANG_WARN_NON_LITERAL_NULL_CONVERSION = YES;
				CLANG_WARN_OBJC_IMPLICIT_RETAIN_SELF = YES;
				CLANG_WARN_OBJC_LITERAL_CONVERSION = YES;
				CLANG_WARN_OBJC_ROOT_CLASS = YES_ERROR;
				CLANG_WARN_QUOTED_INCLUDE_IN_FRAMEWORK_HEADER = YES;
				CLANG_WARN_RANGE_LOOP_ANALYSIS = YES;
				CLANG_WARN_STRICT_PROTOTYPES = YES;
				CLANG_WARN_SUSPICIOUS_MOVE = YES;
				CLANG_WARN_UNGUARDED_AVAILABILITY = YES_AGGRESSIVE;
				CLANG_WARN_UNREACHABLE_CODE = YES;
				CLANG_WARN__DUPLICATE_METHOD_MATCH = YES;
				COPY_PHASE_STRIP = NO;
				DEBUG_INFORMATION_FORMAT = dwarf;
				ENABLE_STRICT_OBJC_MSGSEND = YES;
				ENABLE_TESTABILITY = YES;
				GCC_C_LANGUAGE_STANDARD = gnu11;
				GCC_DYNAMIC_NO_PIC = NO;
				GCC_NO_COMMON_BLOCKS = YES;
				GCC_OPTIMIZATION_LEVEL = 0;
				GCC_PREPROCESSOR_DEFINITIONS = (
					"DEBUG=1",
					"$(inherited)",
				);
				GCC_WARN_64_TO_32_BIT_CONVERSION = YES;
				GCC_WARN_ABOUT_RETURN_TYPE = YES_ERROR;
				GCC_WARN_UNDECLARED_SELECTOR = YES;
				GCC_WARN_UNINITIALIZED_AUTOS = YES_AGGRESSIVE;
				GCC_WARN_UNUSED_FUNCTION = YES;
				GCC_WARN_UNUSED_VARIABLE = YES;
				IPHONEOS_DEPLOYMENT_TARGET = 16.2;
				MTL_ENABLE_DEBUG_INFO = INCLUDE_SOURCE;
				MTL_FAST_MATH = YES;
				ONLY_ACTIVE_ARCH = YES;
				SDKROOT = iphoneos;
				SWIFT_ACTIVE_COMPILATION_CONDITIONS = DEBUG;
				SWIFT_OPTIMIZATION_LEVEL = "-Onone";
			};
			name = Debug;
		};
		2260CF93296AE9CE008A4E49 /* Release */ = {
			isa = XCBuildConfiguration;
			buildSettings = {
				ALWAYS_SEARCH_USER_PATHS = NO;
				CLANG_ANALYZER_NONNULL = YES;
				CLANG_ANALYZER_NUMBER_OBJECT_CONVERSION = YES_AGGRESSIVE;
				CLANG_CXX_LANGUAGE_STANDARD = "gnu++20";
				CLANG_ENABLE_MODULES = YES;
				CLANG_ENABLE_OBJC_ARC = YES;
				CLANG_ENABLE_OBJC_WEAK = YES;
				CLANG_WARN_BLOCK_CAPTURE_AUTORELEASING = YES;
				CLANG_WARN_BOOL_CONVERSION = YES;
				CLANG_WARN_COMMA = YES;
				CLANG_WARN_CONSTANT_CONVERSION = YES;
				CLANG_WARN_DEPRECATED_OBJC_IMPLEMENTATIONS = YES;
				CLANG_WARN_DIRECT_OBJC_ISA_USAGE = YES_ERROR;
				CLANG_WARN_DOCUMENTATION_COMMENTS = YES;
				CLANG_WARN_EMPTY_BODY = YES;
				CLANG_WARN_ENUM_CONVERSION = YES;
				CLANG_WARN_INFINITE_RECURSION = YES;
				CLANG_WARN_INT_CONVERSION = YES;
				CLANG_WARN_NON_LITERAL_NULL_CONVERSION = YES;
				CLANG_WARN_OBJC_IMPLICIT_RETAIN_SELF = YES;
				CLANG_WARN_OBJC_LITERAL_CONVERSION = YES;
				CLANG_WARN_OBJC_ROOT_CLASS = YES_ERROR;
				CLANG_WARN_QUOTED_INCLUDE_IN_FRAMEWORK_HEADER = YES;
				CLANG_WARN_RANGE_LOOP_ANALYSIS = YES;
				CLANG_WARN_STRICT_PROTOTYPES = YES;
				CLANG_WARN_SUSPICIOUS_MOVE = YES;
				CLANG_WARN_UNGUARDED_AVAILABILITY = YES_AGGRESSIVE;
				CLANG_WARN_UNREACHABLE_CODE = YES;
				CLANG_WARN__DUPLICATE_METHOD_MATCH = YES;
				COPY_PHASE_STRIP = NO;
				DEBUG_INFORMATION_FORMAT = "dwarf-with-dsym";
				ENABLE_NS_ASSERTIONS = NO;
				ENABLE_STRICT_OBJC_MSGSEND = YES;
				GCC_C_LANGUAGE_STANDARD = gnu11;
				GCC_NO_COMMON_BLOCKS = YES;
				GCC_WARN_64_TO_32_BIT_CONVERSION = YES;
				GCC_WARN_ABOUT_RETURN_TYPE = YES_ERROR;
				GCC_WARN_UNDECLARED_SELECTOR = YES;
				GCC_WARN_UNINITIALIZED_AUTOS = YES_AGGRESSIVE;
				GCC_WARN_UNUSED_FUNCTION = YES;
				GCC_WARN_UNUSED_VARIABLE = YES;
				IPHONEOS_DEPLOYMENT_TARGET = 16.2;
				MTL_ENABLE_DEBUG_INFO = NO;
				MTL_FAST_MATH = YES;
				SDKROOT = iphoneos;
				SWIFT_COMPILATION_MODE = wholemodule;
				SWIFT_OPTIMIZATION_LEVEL = "-O";
				VALIDATE_PRODUCT = YES;
			};
			name = Release;
		};
		2260CF95296AE9CE008A4E49 /* Debug */ = {
			isa = XCBuildConfiguration;
			buildSettings = {
				ASSETCATALOG_COMPILER_APPICON_NAME = AppIcon;
				ASSETCATALOG_COMPILER_GLOBAL_ACCENT_COLOR_NAME = AccentColor;
				CODE_SIGN_STYLE = Automatic;
				CURRENT_PROJECT_VERSION = 1;
				DEVELOPMENT_TEAM = GWCL4FQ7R5;
				GENERATE_INFOPLIST_FILE = YES;
				INFOPLIST_FILE = HaberUygulamasi/Info.plist;
				INFOPLIST_KEY_UIApplicationSupportsIndirectInputEvents = YES;
				INFOPLIST_KEY_UILaunchStoryboardName = LaunchScreen;
				INFOPLIST_KEY_UIMainStoryboardFile = Main;
				INFOPLIST_KEY_UISupportedInterfaceOrientations_iPad = "UIInterfaceOrientationPortrait UIInterfaceOrientationPortraitUpsideDown UIInterfaceOrientationLandscapeLeft UIInterfaceOrientationLandscapeRight";
				INFOPLIST_KEY_UISupportedInterfaceOrientations_iPhone = "UIInterfaceOrientationPortrait UIInterfaceOrientationLandscapeLeft UIInterfaceOrientationLandscapeRight";
				LD_RUNPATH_SEARCH_PATHS = (
					"$(inherited)",
					"@executable_path/Frameworks",
				);
				MARKETING_VERSION = 1.0;
				PRODUCT_BUNDLE_IDENTIFIER = dilanozturk.HaberUygulamasi;
				PRODUCT_NAME = "$(TARGET_NAME)";
				SWIFT_EMIT_LOC_STRINGS = YES;
				SWIFT_VERSION = 5.0;
				TARGETED_DEVICE_FAMILY = "1,2";
			};
			name = Debug;
		};
		2260CF96296AE9CE008A4E49 /* Release */ = {
			isa = XCBuildConfiguration;
			buildSettings = {
				ASSETCATALOG_COMPILER_APPICON_NAME = AppIcon;
				ASSETCATALOG_COMPILER_GLOBAL_ACCENT_COLOR_NAME = AccentColor;
				CODE_SIGN_STYLE = Automatic;
				CURRENT_PROJECT_VERSION = 1;
				DEVELOPMENT_TEAM = GWCL4FQ7R5;
				GENERATE_INFOPLIST_FILE = YES;
				INFOPLIST_FILE = HaberUygulamasi/Info.plist;
				INFOPLIST_KEY_UIApplicationSupportsIndirectInputEvents = YES;
				INFOPLIST_KEY_UILaunchStoryboardName = LaunchScreen;
				INFOPLIST_KEY_UIMainStoryboardFile = Main;
				INFOPLIST_KEY_UISupportedInterfaceOrientations_iPad = "UIInterfaceOrientationPortrait UIInterfaceOrientationPortraitUpsideDown UIInterfaceOrientationLandscapeLeft UIInterfaceOrientationLandscapeRight";
				INFOPLIST_KEY_UISupportedInterfaceOrientations_iPhone = "UIInterfaceOrientationPortrait UIInterfaceOrientationLandscapeLeft UIInterfaceOrientationLandscapeRight";
				LD_RUNPATH_SEARCH_PATHS = (
					"$(inherited)",
					"@executable_path/Frameworks",
				);
				MARKETING_VERSION = 1.0;
				PRODUCT_BUNDLE_IDENTIFIER = dilanozturk.HaberUygulamasi;
				PRODUCT_NAME = "$(TARGET_NAME)";
				SWIFT_EMIT_LOC_STRINGS = YES;
				SWIFT_VERSION = 5.0;
				TARGETED_DEVICE_FAMILY = "1,2";
			};
			name = Release;
		};
/* End XCBuildConfiguration section */

/* Begin XCConfigurationList section */
		2260CF7B296AE9CD008A4E49 /* Build configuration list for PBXProject "HaberUygulamasi" */ = {
			isa = XCConfigurationList;
			buildConfigurations = (
				2260CF92296AE9CE008A4E49 /* Debug */,
				2260CF93296AE9CE008A4E49 /* Release */,
			);
			defaultConfigurationIsVisible = 0;
			defaultConfigurationName = Release;
		};
		2260CF94296AE9CE008A4E49 /* Build configuration list for PBXNativeTarget "HaberUygulamasi" */ = {
			isa = XCConfigurationList;
			buildConfigurations = (
				2260CF95296AE9CE008A4E49 /* Debug */,
				2260CF96296AE9CE008A4E49 /* Release */,
			);
			defaultConfigurationIsVisible = 0;
			defaultConfigurationName = Release;
		};
/* End XCConfigurationList section */
	};
	rootObject = 2260CF78296AE9CD008A4E49 /* Project object */;
}
